
Microsoft Visual Studio Solution File, Format Version 12.00
# Visual Studio Version 17
VisualStudioVersion = 17.11.35327.3
MinimumVisualStudioVersion = 10.0.40219.1
Project("{9A19103F-16F7-4668-BE54-9A1E7A4F7556}") = "CasinoServices.Web", "CasinoServices.Web\CasinoServices.Web.csproj", "{DD964BE5-DDA6-45EE-974F-DE484169BF25}"
EndProject
Project("{FAE04EC0-301F-11D3-BF4B-00C04F79EFBC}") = "CasinoServices.Infrastracture", "CasinoServices.Infrastracture\CasinoServices.Infrastracture.csproj", "{E8E6016A-7373-434C-AC92-44CF1860642B}"
EndProject
Project("{FAE04EC0-301F-11D3-BF4B-00C04F79EFBC}") = "CasinoServices.Application", "CasinoServices.Application\CasinoServices.Application.csproj", "{4E093563-C0E2-4B3C-9648-441461793037}"
EndProject
Project("{FAE04EC0-301F-11D3-BF4B-00C04F79EFBC}") = "CasinoServices.Domain", "CasinoServices.Domain\CasinoServices.Domain.csproj", "{B4B7CF5A-816D-4D78-9387-024A932A4F8A}"
EndProject
Global
	GlobalSection(SolutionConfigurationPlatforms) = preSolution
		Debug|Any CPU = Debug|Any CPU
		Release|Any CPU = Release|Any CPU
	EndGlobalSection
	GlobalSection(ProjectConfigurationPlatforms) = postSolution
		{DD964BE5-DDA6-45EE-974F-DE484169BF25}.Debug|Any CPU.ActiveCfg = Debug|Any CPU
		{DD964BE5-DDA6-45EE-974F-DE484169BF25}.Debug|Any CPU.Build.0 = Debug|Any CPU
		{DD964BE5-DDA6-45EE-974F-DE484169BF25}.Release|Any CPU.ActiveCfg = Release|Any CPU
		{DD964BE5-DDA6-45EE-974F-DE484169BF25}.Release|Any CPU.Build.0 = Release|Any CPU
		{E8E6016A-7373-434C-AC92-44CF1860642B}.Debug|Any CPU.ActiveCfg = Debug|Any CPU
		{E8E6016A-7373-434C-AC92-44CF1860642B}.Debug|Any CPU.Build.0 = Debug|Any CPU
		{E8E6016A-7373-434C-AC92-44CF1860642B}.Release|Any CPU.ActiveCfg = Release|Any CPU
		{E8E6016A-7373-434C-AC92-44CF1860642B}.Release|Any CPU.Build.0 = Release|Any CPU
		{4E093563-C0E2-4B3C-9648-441461793037}.Debug|Any CPU.ActiveCfg = Debug|Any CPU
		{4E093563-C0E2-4B3C-9648-441461793037}.Debug|Any CPU.Build.0 = Debug|Any CPU
		{4E093563-C0E2-4B3C-9648-441461793037}.Release|Any CPU.ActiveCfg = Release|Any CPU
		{4E093563-C0E2-4B3C-9648-441461793037}.Release|Any CPU.Build.0 = Release|Any CPU
		{B4B7CF5A-816D-4D78-9387-024A932A4F8A}.Debug|Any CPU.ActiveCfg = Debug|Any CPU
		{B4B7CF5A-816D-4D78-9387-024A932A4F8A}.Debug|Any CPU.Build.0 = Debug|Any CPU
		{B4B7CF5A-816D-4D78-9387-024A932A4F8A}.Release|Any CPU.ActiveCfg = Release|Any CPU
		{B4B7CF5A-816D-4D78-9387-024A932A4F8A}.Release|Any CPU.Build.0 = Release|Any CPU
	EndGlobalSection
	GlobalSection(SolutionProperties) = preSolution
		HideSolutionNode = FALSE
	EndGlobalSection
	GlobalSection(ExtensibilityGlobals) = postSolution
		SolutionGuid = {57913547-FA99-4F76-859E-3A1D66AA75DE}
	EndGlobalSection
EndGlobal
